
Microsoft Visual Studio Solution File, Format Version 12.00
# Visual Studio Version 17
VisualStudioVersion = 17.9.34723.18
MinimumVisualStudioVersion = 10.0.40219.1
Project("{9A19103F-16F7-4668-BE54-9A1E7A4F7556}") = "BulkyWeb", "BulkyWeb\BulkyWeb.csproj", "{4F5EEA10-2EC5-40DF-A9A3-6833A1B77772}"
	ProjectSection(ProjectDependencies) = postProject
		{BFC2E549-9321-43AF-9A59-51189E265733} = {BFC2E549-9321-43AF-9A59-51189E265733}
	EndProjectSection
EndProject
Project("{9A19103F-16F7-4668-BE54-9A1E7A4F7556}") = "BulkyRazor_Temp", "BulkyRazor_Temp\BulkyRazor_Temp.csproj", "{546A49EA-E4D9-4EC7-82CD-FAC711817CE1}"
EndProject
Project("{9A19103F-16F7-4668-BE54-9A1E7A4F7556}") = "Bulky.Models", "Bulky.Models\Bulky.Models.csproj", "{2DD84957-F8A7-4D3A-95EF-6C0599DF368B}"
EndProject
Project("{9A19103F-16F7-4668-BE54-9A1E7A4F7556}") = "Bulky.Utility", "Bulky.Utility\Bulky.Utility.csproj", "{A0E4DA9A-9675-4DBA-8DCC-A042682A4C82}"
EndProject
Project("{9A19103F-16F7-4668-BE54-9A1E7A4F7556}") = "Bulky.DataAccess1", "Bulky.DataAccess1\Bulky.DataAccess1.csproj", "{BFC2E549-9321-43AF-9A59-51189E265733}"
EndProject
Global
	GlobalSection(SolutionConfigurationPlatforms) = preSolution
		Debug|Any CPU = Debug|Any CPU
		Release|Any CPU = Release|Any CPU
	EndGlobalSection
	GlobalSection(ProjectConfigurationPlatforms) = postSolution
		{4F5EEA10-2EC5-40DF-A9A3-6833A1B77772}.Debug|Any CPU.ActiveCfg = Debug|Any CPU
		{4F5EEA10-2EC5-40DF-A9A3-6833A1B77772}.Debug|Any CPU.Build.0 = Debug|Any CPU
		{4F5EEA10-2EC5-40DF-A9A3-6833A1B77772}.Release|Any CPU.ActiveCfg = Release|Any CPU
		{4F5EEA10-2EC5-40DF-A9A3-6833A1B77772}.Release|Any CPU.Build.0 = Release|Any CPU
		{546A49EA-E4D9-4EC7-82CD-FAC711817CE1}.Debug|Any CPU.ActiveCfg = Debug|Any CPU
		{546A49EA-E4D9-4EC7-82CD-FAC711817CE1}.Debug|Any CPU.Build.0 = Debug|Any CPU
		{546A49EA-E4D9-4EC7-82CD-FAC711817CE1}.Release|Any CPU.ActiveCfg = Release|Any CPU
		{546A49EA-E4D9-4EC7-82CD-FAC711817CE1}.Release|Any CPU.Build.0 = Release|Any CPU
		{2DD84957-F8A7-4D3A-95EF-6C0599DF368B}.Debug|Any CPU.ActiveCfg = Debug|Any CPU
		{2DD84957-F8A7-4D3A-95EF-6C0599DF368B}.Debug|Any CPU.Build.0 = Debug|Any CPU
		{2DD84957-F8A7-4D3A-95EF-6C0599DF368B}.Release|Any CPU.ActiveCfg = Release|Any CPU
		{2DD84957-F8A7-4D3A-95EF-6C0599DF368B}.Release|Any CPU.Build.0 = Release|Any CPU
		{A0E4DA9A-9675-4DBA-8DCC-A042682A4C82}.Debug|Any CPU.ActiveCfg = Debug|Any CPU
		{A0E4DA9A-9675-4DBA-8DCC-A042682A4C82}.Debug|Any CPU.Build.0 = Debug|Any CPU
		{A0E4DA9A-9675-4DBA-8DCC-A042682A4C82}.Release|Any CPU.ActiveCfg = Release|Any CPU
		{A0E4DA9A-9675-4DBA-8DCC-A042682A4C82}.Release|Any CPU.Build.0 = Release|Any CPU
		{BFC2E549-9321-43AF-9A59-51189E265733}.Debug|Any CPU.ActiveCfg = Debug|Any CPU
		{BFC2E549-9321-43AF-9A59-51189E265733}.Debug|Any CPU.Build.0 = Debug|Any CPU
		{BFC2E549-9321-43AF-9A59-51189E265733}.Release|Any CPU.ActiveCfg = Release|Any CPU
		{BFC2E549-9321-43AF-9A59-51189E265733}.Release|Any CPU.Build.0 = Release|Any CPU
	EndGlobalSection
	GlobalSection(SolutionProperties) = preSolution
		HideSolutionNode = FALSE
	EndGlobalSection
	GlobalSection(ExtensibilityGlobals) = postSolution
		SolutionGuid = {13BB20BA-CB96-4768-A943-9513EA6A6CF1}
	EndGlobalSection
EndGlobal
